
Microsoft Visual Studio Solution File, Format Version 12.00
# Visual Studio Version 17
VisualStudioVersion = 17.9.34622.214
MinimumVisualStudioVersion = 10.0.40219.1
Project("{FAE04EC0-301F-11D3-BF4B-00C04F79EFBC}") = "Ej1", "Ej1\Ej1.csproj", "{D636DA18-354D-421E-AB7A-007583FC1CB5}"
EndProject
Global
	GlobalSection(SolutionConfigurationPlatforms) = preSolution
		Debug|Any CPU = Debug|Any CPU
		Release|Any CPU = Release|Any CPU
	EndGlobalSection
	GlobalSection(ProjectConfigurationPlatforms) = postSolution
		{D636DA18-354D-421E-AB7A-007583FC1CB5}.Debug|Any CPU.ActiveCfg = Debug|Any CPU
		{D636DA18-354D-421E-AB7A-007583FC1CB5}.Debug|Any CPU.Build.0 = Debug|Any CPU
		{D636DA18-354D-421E-AB7A-007583FC1CB5}.Release|Any CPU.ActiveCfg = Release|Any CPU
		{D636DA18-354D-421E-AB7A-007583FC1CB5}.Release|Any CPU.Build.0 = Release|Any CPU
	EndGlobalSection
	GlobalSection(SolutionProperties) = preSolution
		HideSolutionNode = FALSE
	EndGlobalSection
	GlobalSection(ExtensibilityGlobals) = postSolution
		SolutionGuid = {FB7E6CF6-9313-474B-BA74-D6FB8436CB97}
	EndGlobalSection
EndGlobal
